
Microsoft Visual Studio Solution File, Format Version 12.00
# Visual Studio Version 17
VisualStudioVersion = 17.4.33122.133
MinimumVisualStudioVersion = 10.0.40219.1
Project("{FAE04EC0-301F-11D3-BF4B-00C04F79EFBC}") = "int", "int\int.csproj", "{C997F0BA-9780-47F8-A26C-227C71138BB9}"
EndProject
Global
	GlobalSection(SolutionConfigurationPlatforms) = preSolution
		Debug|Any CPU = Debug|Any CPU
		Release|Any CPU = Release|Any CPU
	EndGlobalSection
	GlobalSection(ProjectConfigurationPlatforms) = postSolution
		{C997F0BA-9780-47F8-A26C-227C71138BB9}.Debug|Any CPU.ActiveCfg = Debug|Any CPU
		{C997F0BA-9780-47F8-A26C-227C71138BB9}.Debug|Any CPU.Build.0 = Debug|Any CPU
		{C997F0BA-9780-47F8-A26C-227C71138BB9}.Release|Any CPU.ActiveCfg = Release|Any CPU
		{C997F0BA-9780-47F8-A26C-227C71138BB9}.Release|Any CPU.Build.0 = Release|Any CPU
	EndGlobalSection
	GlobalSection(SolutionProperties) = preSolution
		HideSolutionNode = FALSE
	EndGlobalSection
	GlobalSection(ExtensibilityGlobals) = postSolution
		SolutionGuid = {0A893E49-850A-4C7A-9D93-82F721BD91E9}
	EndGlobalSection
EndGlobal
