
Microsoft Visual Studio Solution File, Format Version 12.00
# Visual Studio Version 17
VisualStudioVersion = 17.5.002.0
MinimumVisualStudioVersion = 10.0.40219.1
Project("{9A19103F-16F7-4668-BE54-9A1E7A4F7556}") = "boxing-unboxing", "boxing-unboxing.csproj", "{73161F88-D9FA-40E3-86C1-6A320B663D67}"
EndProject
Global
	GlobalSection(SolutionConfigurationPlatforms) = preSolution
		Debug|Any CPU = Debug|Any CPU
		Release|Any CPU = Release|Any CPU
	EndGlobalSection
	GlobalSection(ProjectConfigurationPlatforms) = postSolution
		{73161F88-D9FA-40E3-86C1-6A320B663D67}.Debug|Any CPU.ActiveCfg = Debug|Any CPU
		{73161F88-D9FA-40E3-86C1-6A320B663D67}.Debug|Any CPU.Build.0 = Debug|Any CPU
		{73161F88-D9FA-40E3-86C1-6A320B663D67}.Release|Any CPU.ActiveCfg = Release|Any CPU
		{73161F88-D9FA-40E3-86C1-6A320B663D67}.Release|Any CPU.Build.0 = Release|Any CPU
	EndGlobalSection
	GlobalSection(SolutionProperties) = preSolution
		HideSolutionNode = FALSE
	EndGlobalSection
	GlobalSection(ExtensibilityGlobals) = postSolution
		SolutionGuid = {8DEDD5BF-7100-4623-B7A2-9B1B15266DE1}
	EndGlobalSection
EndGlobal
