
Microsoft Visual Studio Solution File, Format Version 12.00
# Visual Studio Version 17
VisualStudioVersion = 17.4.33122.133
MinimumVisualStudioVersion = 10.0.40219.1
Project("{FAE04EC0-301F-11D3-BF4B-00C04F79EFBC}") = "KullanicidanDegerAlma", "KullanicidanDegerAlma\KullanicidanDegerAlma.csproj", "{FB5FB432-9099-479C-BF22-8E3A3F02C55B}"
EndProject
Project("{FAE04EC0-301F-11D3-BF4B-00C04F79EFBC}") = "TurDönüsümleri", "..\TurDönüsümleri\TurDönüsümleri.csproj", "{214E75AD-F691-4AE8-8385-968C33A479ED}"
EndProject
Project("{FAE04EC0-301F-11D3-BF4B-00C04F79EFBC}") = "KararyapilariIfElse", "KararyapilariIfElse\KararyapilariIfElse.csproj", "{68AF331E-502E-4356-ADEE-AF1D51FF5B27}"
EndProject
Project("{FAE04EC0-301F-11D3-BF4B-00C04F79EFBC}") = "miniATM", "miniATM\miniATM.csproj", "{C2C76148-383A-4FBF-BD1E-95917BF898AB}"
EndProject
Project("{FAE04EC0-301F-11D3-BF4B-00C04F79EFBC}") = "bkihesaplama", "bkihesaplama\bkihesaplama.csproj", "{AAEDE8C6-9E19-4857-97B2-E8996C3F7745}"
EndProject
Global
	GlobalSection(SolutionConfigurationPlatforms) = preSolution
		Debug|Any CPU = Debug|Any CPU
		Release|Any CPU = Release|Any CPU
	EndGlobalSection
	GlobalSection(ProjectConfigurationPlatforms) = postSolution
		{FB5FB432-9099-479C-BF22-8E3A3F02C55B}.Debug|Any CPU.ActiveCfg = Debug|Any CPU
		{FB5FB432-9099-479C-BF22-8E3A3F02C55B}.Debug|Any CPU.Build.0 = Debug|Any CPU
		{FB5FB432-9099-479C-BF22-8E3A3F02C55B}.Release|Any CPU.ActiveCfg = Release|Any CPU
		{FB5FB432-9099-479C-BF22-8E3A3F02C55B}.Release|Any CPU.Build.0 = Release|Any CPU
		{214E75AD-F691-4AE8-8385-968C33A479ED}.Debug|Any CPU.ActiveCfg = Debug|Any CPU
		{214E75AD-F691-4AE8-8385-968C33A479ED}.Debug|Any CPU.Build.0 = Debug|Any CPU
		{214E75AD-F691-4AE8-8385-968C33A479ED}.Release|Any CPU.ActiveCfg = Release|Any CPU
		{214E75AD-F691-4AE8-8385-968C33A479ED}.Release|Any CPU.Build.0 = Release|Any CPU
		{68AF331E-502E-4356-ADEE-AF1D51FF5B27}.Debug|Any CPU.ActiveCfg = Debug|Any CPU
		{68AF331E-502E-4356-ADEE-AF1D51FF5B27}.Debug|Any CPU.Build.0 = Debug|Any CPU
		{68AF331E-502E-4356-ADEE-AF1D51FF5B27}.Release|Any CPU.ActiveCfg = Release|Any CPU
		{68AF331E-502E-4356-ADEE-AF1D51FF5B27}.Release|Any CPU.Build.0 = Release|Any CPU
		{C2C76148-383A-4FBF-BD1E-95917BF898AB}.Debug|Any CPU.ActiveCfg = Debug|Any CPU
		{C2C76148-383A-4FBF-BD1E-95917BF898AB}.Debug|Any CPU.Build.0 = Debug|Any CPU
		{C2C76148-383A-4FBF-BD1E-95917BF898AB}.Release|Any CPU.ActiveCfg = Release|Any CPU
		{C2C76148-383A-4FBF-BD1E-95917BF898AB}.Release|Any CPU.Build.0 = Release|Any CPU
		{AAEDE8C6-9E19-4857-97B2-E8996C3F7745}.Debug|Any CPU.ActiveCfg = Debug|Any CPU
		{AAEDE8C6-9E19-4857-97B2-E8996C3F7745}.Debug|Any CPU.Build.0 = Debug|Any CPU
		{AAEDE8C6-9E19-4857-97B2-E8996C3F7745}.Release|Any CPU.ActiveCfg = Release|Any CPU
		{AAEDE8C6-9E19-4857-97B2-E8996C3F7745}.Release|Any CPU.Build.0 = Release|Any CPU
	EndGlobalSection
	GlobalSection(SolutionProperties) = preSolution
		HideSolutionNode = FALSE
	EndGlobalSection
	GlobalSection(ExtensibilityGlobals) = postSolution
		SolutionGuid = {EBE8ECE9-D350-40EE-BCC2-90A10D73FECD}
	EndGlobalSection
EndGlobal
