
Microsoft Visual Studio Solution File, Format Version 12.00
# Visual Studio Version 17
VisualStudioVersion = 17.4.33122.133
MinimumVisualStudioVersion = 10.0.40219.1
Project("{FAE04EC0-301F-11D3-BF4B-00C04F79EFBC}") = "fordongusupratik", "fordongusupratik\fordongusupratik.csproj", "{4E96CA6F-6FAA-4FCB-8713-65BFA2394A11}"
EndProject
Project("{FAE04EC0-301F-11D3-BF4B-00C04F79EFBC}") = "icicefordongusu", "icicefordongusu\icicefordongusu.csproj", "{7F37B6A4-5D30-416C-BDAB-B360CB2C1F19}"
EndProject
Project("{FAE04EC0-301F-11D3-BF4B-00C04F79EFBC}") = "whiledongusupratik", "whiledongusupratik\whiledongusupratik.csproj", "{8B097C76-B068-4D1B-931A-C14BC35A561F}"
EndProject
Project("{FAE04EC0-301F-11D3-BF4B-00C04F79EFBC}") = "dowhiledongusupratik", "dowhiledongusupratik\dowhiledongusupratik.csproj", "{997FA974-BCD0-4D2D-9107-864F97278EB0}"
EndProject
Project("{FAE04EC0-301F-11D3-BF4B-00C04F79EFBC}") = "breakvecontinue", "breakvecontinue\breakvecontinue.csproj", "{6FCD59D8-FD2D-48AC-9E0E-4C52F764D259}"
EndProject
Project("{FAE04EC0-301F-11D3-BF4B-00C04F79EFBC}") = "carpimtablosu", "carpimtablosu\carpimtablosu.csproj", "{5535A1F6-AC4A-40EA-9A15-BE18AF317208}"
EndProject
Project("{FAE04EC0-301F-11D3-BF4B-00C04F79EFBC}") = "loginuygulamasi", "loginuygulamasi\loginuygulamasi.csproj", "{0BB2313D-590A-4212-B14D-B0A69C478D50}"
EndProject
Project("{FAE04EC0-301F-11D3-BF4B-00C04F79EFBC}") = "fordongusuornek", "fordongusuornek\fordongusuornek.csproj", "{DD9BA6DA-678E-4002-835E-4A38E7E4E31B}"
EndProject
Project("{FAE04EC0-301F-11D3-BF4B-00C04F79EFBC}") = "arraygiris", "arraygiris\arraygiris.csproj", "{E13463D8-D1ED-4BCA-BBDA-68DAF079F6C2}"
EndProject
Project("{FAE04EC0-301F-11D3-BF4B-00C04F79EFBC}") = "arraypratik", "arraypratik\arraypratik.csproj", "{19B9F052-92FE-4333-A25A-D5F206417858}"
EndProject
Project("{FAE04EC0-301F-11D3-BF4B-00C04F79EFBC}") = "arrayornek", "arrayornek\arrayornek.csproj", "{84B0D987-6405-4E0F-95B7-1DFB224A8763}"
EndProject
Project("{FAE04EC0-301F-11D3-BF4B-00C04F79EFBC}") = "forEachDongusu", "forEachDongusu\forEachDongusu.csproj", "{4A572928-8B62-4D12-A85C-9BEACDB0CE15}"
EndProject
Project("{FAE04EC0-301F-11D3-BF4B-00C04F79EFBC}") = "arrayörnek", "arrayörnek\arrayörnek.csproj", "{CAD601A1-D483-400A-A6F5-219AD0519075}"
EndProject
Project("{FAE04EC0-301F-11D3-BF4B-00C04F79EFBC}") = "diziornek", "diziornek\diziornek.csproj", "{B206EF8D-E1C5-4F53-92CD-713C4B5566C5}"
EndProject
Project("{FAE04EC0-301F-11D3-BF4B-00C04F79EFBC}") = "pratik", "pratik\pratik.csproj", "{339E8676-3572-4197-AFB0-1E0FCCED2B5B}"
EndProject
Project("{FAE04EC0-301F-11D3-BF4B-00C04F79EFBC}") = "metotlaragiris", "metotlaragiris\metotlaragiris.csproj", "{25529EAB-CE55-4AD9-8FC6-F9247EFCBB6F}"
EndProject
Project("{FAE04EC0-301F-11D3-BF4B-00C04F79EFBC}") = "metotlardevam", "metotlardevam\metotlardevam.csproj", "{9F500545-680C-4B34-A573-619C0CE94127}"
EndProject
Project("{FAE04EC0-301F-11D3-BF4B-00C04F79EFBC}") = "geriyedegerdondurenmetot", "geriyedegerdondurenmetot\geriyedegerdondurenmetot.csproj", "{422578D4-D50D-4634-86EF-A5DA98A1F559}"
EndProject
Project("{FAE04EC0-301F-11D3-BF4B-00C04F79EFBC}") = "metotornek", "metotornek\metotornek.csproj", "{1DD34CB2-2AF4-4953-B1E6-661E97952E94}"
EndProject
Project("{FAE04EC0-301F-11D3-BF4B-00C04F79EFBC}") = "metotlarornek", "metotlarornek\metotlarornek.csproj", "{6ABA5D95-EE01-4546-B2E4-4B92C43858E6}"
EndProject
Project("{FAE04EC0-301F-11D3-BF4B-00C04F79EFBC}") = "metotlarornekk", "metotlarornekk\metotlarornekk.csproj", "{C7064708-C019-4FF5-A3BE-72A5ACD62F4E}"
EndProject
Project("{FAE04EC0-301F-11D3-BF4B-00C04F79EFBC}") = "Classkullanimi", "Classkullanimi\Classkullanimi.csproj", "{635F7F72-CE07-4767-89E0-2DE1DC569141}"
EndProject
Global
	GlobalSection(SolutionConfigurationPlatforms) = preSolution
		Debug|Any CPU = Debug|Any CPU
		Release|Any CPU = Release|Any CPU
	EndGlobalSection
	GlobalSection(ProjectConfigurationPlatforms) = postSolution
		{4E96CA6F-6FAA-4FCB-8713-65BFA2394A11}.Debug|Any CPU.ActiveCfg = Debug|Any CPU
		{4E96CA6F-6FAA-4FCB-8713-65BFA2394A11}.Debug|Any CPU.Build.0 = Debug|Any CPU
		{4E96CA6F-6FAA-4FCB-8713-65BFA2394A11}.Release|Any CPU.ActiveCfg = Release|Any CPU
		{4E96CA6F-6FAA-4FCB-8713-65BFA2394A11}.Release|Any CPU.Build.0 = Release|Any CPU
		{7F37B6A4-5D30-416C-BDAB-B360CB2C1F19}.Debug|Any CPU.ActiveCfg = Debug|Any CPU
		{7F37B6A4-5D30-416C-BDAB-B360CB2C1F19}.Debug|Any CPU.Build.0 = Debug|Any CPU
		{7F37B6A4-5D30-416C-BDAB-B360CB2C1F19}.Release|Any CPU.ActiveCfg = Release|Any CPU
		{7F37B6A4-5D30-416C-BDAB-B360CB2C1F19}.Release|Any CPU.Build.0 = Release|Any CPU
		{8B097C76-B068-4D1B-931A-C14BC35A561F}.Debug|Any CPU.ActiveCfg = Debug|Any CPU
		{8B097C76-B068-4D1B-931A-C14BC35A561F}.Debug|Any CPU.Build.0 = Debug|Any CPU
		{8B097C76-B068-4D1B-931A-C14BC35A561F}.Release|Any CPU.ActiveCfg = Release|Any CPU
		{8B097C76-B068-4D1B-931A-C14BC35A561F}.Release|Any CPU.Build.0 = Release|Any CPU
		{997FA974-BCD0-4D2D-9107-864F97278EB0}.Debug|Any CPU.ActiveCfg = Debug|Any CPU
		{997FA974-BCD0-4D2D-9107-864F97278EB0}.Debug|Any CPU.Build.0 = Debug|Any CPU
		{997FA974-BCD0-4D2D-9107-864F97278EB0}.Release|Any CPU.ActiveCfg = Release|Any CPU
		{997FA974-BCD0-4D2D-9107-864F97278EB0}.Release|Any CPU.Build.0 = Release|Any CPU
		{6FCD59D8-FD2D-48AC-9E0E-4C52F764D259}.Debug|Any CPU.ActiveCfg = Debug|Any CPU
		{6FCD59D8-FD2D-48AC-9E0E-4C52F764D259}.Debug|Any CPU.Build.0 = Debug|Any CPU
		{6FCD59D8-FD2D-48AC-9E0E-4C52F764D259}.Release|Any CPU.ActiveCfg = Release|Any CPU
		{6FCD59D8-FD2D-48AC-9E0E-4C52F764D259}.Release|Any CPU.Build.0 = Release|Any CPU
		{5535A1F6-AC4A-40EA-9A15-BE18AF317208}.Debug|Any CPU.ActiveCfg = Debug|Any CPU
		{5535A1F6-AC4A-40EA-9A15-BE18AF317208}.Debug|Any CPU.Build.0 = Debug|Any CPU
		{5535A1F6-AC4A-40EA-9A15-BE18AF317208}.Release|Any CPU.ActiveCfg = Release|Any CPU
		{5535A1F6-AC4A-40EA-9A15-BE18AF317208}.Release|Any CPU.Build.0 = Release|Any CPU
		{0BB2313D-590A-4212-B14D-B0A69C478D50}.Debug|Any CPU.ActiveCfg = Debug|Any CPU
		{0BB2313D-590A-4212-B14D-B0A69C478D50}.Debug|Any CPU.Build.0 = Debug|Any CPU
		{0BB2313D-590A-4212-B14D-B0A69C478D50}.Release|Any CPU.ActiveCfg = Release|Any CPU
		{0BB2313D-590A-4212-B14D-B0A69C478D50}.Release|Any CPU.Build.0 = Release|Any CPU
		{DD9BA6DA-678E-4002-835E-4A38E7E4E31B}.Debug|Any CPU.ActiveCfg = Debug|Any CPU
		{DD9BA6DA-678E-4002-835E-4A38E7E4E31B}.Debug|Any CPU.Build.0 = Debug|Any CPU
		{DD9BA6DA-678E-4002-835E-4A38E7E4E31B}.Release|Any CPU.ActiveCfg = Release|Any CPU
		{DD9BA6DA-678E-4002-835E-4A38E7E4E31B}.Release|Any CPU.Build.0 = Release|Any CPU
		{E13463D8-D1ED-4BCA-BBDA-68DAF079F6C2}.Debug|Any CPU.ActiveCfg = Debug|Any CPU
		{E13463D8-D1ED-4BCA-BBDA-68DAF079F6C2}.Debug|Any CPU.Build.0 = Debug|Any CPU
		{E13463D8-D1ED-4BCA-BBDA-68DAF079F6C2}.Release|Any CPU.ActiveCfg = Release|Any CPU
		{E13463D8-D1ED-4BCA-BBDA-68DAF079F6C2}.Release|Any CPU.Build.0 = Release|Any CPU
		{19B9F052-92FE-4333-A25A-D5F206417858}.Debug|Any CPU.ActiveCfg = Debug|Any CPU
		{19B9F052-92FE-4333-A25A-D5F206417858}.Debug|Any CPU.Build.0 = Debug|Any CPU
		{19B9F052-92FE-4333-A25A-D5F206417858}.Release|Any CPU.ActiveCfg = Release|Any CPU
		{19B9F052-92FE-4333-A25A-D5F206417858}.Release|Any CPU.Build.0 = Release|Any CPU
		{84B0D987-6405-4E0F-95B7-1DFB224A8763}.Debug|Any CPU.ActiveCfg = Debug|Any CPU
		{84B0D987-6405-4E0F-95B7-1DFB224A8763}.Debug|Any CPU.Build.0 = Debug|Any CPU
		{84B0D987-6405-4E0F-95B7-1DFB224A8763}.Release|Any CPU.ActiveCfg = Release|Any CPU
		{84B0D987-6405-4E0F-95B7-1DFB224A8763}.Release|Any CPU.Build.0 = Release|Any CPU
		{4A572928-8B62-4D12-A85C-9BEACDB0CE15}.Debug|Any CPU.ActiveCfg = Debug|Any CPU
		{4A572928-8B62-4D12-A85C-9BEACDB0CE15}.Debug|Any CPU.Build.0 = Debug|Any CPU
		{4A572928-8B62-4D12-A85C-9BEACDB0CE15}.Release|Any CPU.ActiveCfg = Release|Any CPU
		{4A572928-8B62-4D12-A85C-9BEACDB0CE15}.Release|Any CPU.Build.0 = Release|Any CPU
		{CAD601A1-D483-400A-A6F5-219AD0519075}.Debug|Any CPU.ActiveCfg = Debug|Any CPU
		{CAD601A1-D483-400A-A6F5-219AD0519075}.Debug|Any CPU.Build.0 = Debug|Any CPU
		{CAD601A1-D483-400A-A6F5-219AD0519075}.Release|Any CPU.ActiveCfg = Release|Any CPU
		{CAD601A1-D483-400A-A6F5-219AD0519075}.Release|Any CPU.Build.0 = Release|Any CPU
		{B206EF8D-E1C5-4F53-92CD-713C4B5566C5}.Debug|Any CPU.ActiveCfg = Debug|Any CPU
		{B206EF8D-E1C5-4F53-92CD-713C4B5566C5}.Debug|Any CPU.Build.0 = Debug|Any CPU
		{B206EF8D-E1C5-4F53-92CD-713C4B5566C5}.Release|Any CPU.ActiveCfg = Release|Any CPU
		{B206EF8D-E1C5-4F53-92CD-713C4B5566C5}.Release|Any CPU.Build.0 = Release|Any CPU
		{339E8676-3572-4197-AFB0-1E0FCCED2B5B}.Debug|Any CPU.ActiveCfg = Debug|Any CPU
		{339E8676-3572-4197-AFB0-1E0FCCED2B5B}.Debug|Any CPU.Build.0 = Debug|Any CPU
		{339E8676-3572-4197-AFB0-1E0FCCED2B5B}.Release|Any CPU.ActiveCfg = Release|Any CPU
		{339E8676-3572-4197-AFB0-1E0FCCED2B5B}.Release|Any CPU.Build.0 = Release|Any CPU
		{25529EAB-CE55-4AD9-8FC6-F9247EFCBB6F}.Debug|Any CPU.ActiveCfg = Debug|Any CPU
		{25529EAB-CE55-4AD9-8FC6-F9247EFCBB6F}.Debug|Any CPU.Build.0 = Debug|Any CPU
		{25529EAB-CE55-4AD9-8FC6-F9247EFCBB6F}.Release|Any CPU.ActiveCfg = Release|Any CPU
		{25529EAB-CE55-4AD9-8FC6-F9247EFCBB6F}.Release|Any CPU.Build.0 = Release|Any CPU
		{9F500545-680C-4B34-A573-619C0CE94127}.Debug|Any CPU.ActiveCfg = Debug|Any CPU
		{9F500545-680C-4B34-A573-619C0CE94127}.Debug|Any CPU.Build.0 = Debug|Any CPU
		{9F500545-680C-4B34-A573-619C0CE94127}.Release|Any CPU.ActiveCfg = Release|Any CPU
		{9F500545-680C-4B34-A573-619C0CE94127}.Release|Any CPU.Build.0 = Release|Any CPU
		{422578D4-D50D-4634-86EF-A5DA98A1F559}.Debug|Any CPU.ActiveCfg = Debug|Any CPU
		{422578D4-D50D-4634-86EF-A5DA98A1F559}.Debug|Any CPU.Build.0 = Debug|Any CPU
		{422578D4-D50D-4634-86EF-A5DA98A1F559}.Release|Any CPU.ActiveCfg = Release|Any CPU
		{422578D4-D50D-4634-86EF-A5DA98A1F559}.Release|Any CPU.Build.0 = Release|Any CPU
		{1DD34CB2-2AF4-4953-B1E6-661E97952E94}.Debug|Any CPU.ActiveCfg = Debug|Any CPU
		{1DD34CB2-2AF4-4953-B1E6-661E97952E94}.Debug|Any CPU.Build.0 = Debug|Any CPU
		{1DD34CB2-2AF4-4953-B1E6-661E97952E94}.Release|Any CPU.ActiveCfg = Release|Any CPU
		{1DD34CB2-2AF4-4953-B1E6-661E97952E94}.Release|Any CPU.Build.0 = Release|Any CPU
		{6ABA5D95-EE01-4546-B2E4-4B92C43858E6}.Debug|Any CPU.ActiveCfg = Debug|Any CPU
		{6ABA5D95-EE01-4546-B2E4-4B92C43858E6}.Debug|Any CPU.Build.0 = Debug|Any CPU
		{6ABA5D95-EE01-4546-B2E4-4B92C43858E6}.Release|Any CPU.ActiveCfg = Release|Any CPU
		{6ABA5D95-EE01-4546-B2E4-4B92C43858E6}.Release|Any CPU.Build.0 = Release|Any CPU
		{C7064708-C019-4FF5-A3BE-72A5ACD62F4E}.Debug|Any CPU.ActiveCfg = Debug|Any CPU
		{C7064708-C019-4FF5-A3BE-72A5ACD62F4E}.Debug|Any CPU.Build.0 = Debug|Any CPU
		{C7064708-C019-4FF5-A3BE-72A5ACD62F4E}.Release|Any CPU.ActiveCfg = Release|Any CPU
		{C7064708-C019-4FF5-A3BE-72A5ACD62F4E}.Release|Any CPU.Build.0 = Release|Any CPU
		{635F7F72-CE07-4767-89E0-2DE1DC569141}.Debug|Any CPU.ActiveCfg = Debug|Any CPU
		{635F7F72-CE07-4767-89E0-2DE1DC569141}.Debug|Any CPU.Build.0 = Debug|Any CPU
		{635F7F72-CE07-4767-89E0-2DE1DC569141}.Release|Any CPU.ActiveCfg = Release|Any CPU
		{635F7F72-CE07-4767-89E0-2DE1DC569141}.Release|Any CPU.Build.0 = Release|Any CPU
	EndGlobalSection
	GlobalSection(SolutionProperties) = preSolution
		HideSolutionNode = FALSE
	EndGlobalSection
	GlobalSection(ExtensibilityGlobals) = postSolution
		SolutionGuid = {F22A0EFC-8B1A-42B8-8813-578CDA85BC6B}
	EndGlobalSection
EndGlobal
